
Microsoft Visual Studio Solution File, Format Version 12.00
# Visual Studio Version 16
VisualStudioVersion = 16.0.30711.63
MinimumVisualStudioVersion = 10.0.40219.1
Project("{FAE04EC0-301F-11D3-BF4B-00C04F79EFBC}") = "ToonPenen_TestSwaps", "ToonPenen_TestSwaps\ToonPenen_TestSwaps.csproj", "{511A03A0-A2CD-41E8-96D5-E73DF3790E15}"
EndProject
Global
	GlobalSection(SolutionConfigurationPlatforms) = preSolution
		Debug|Any CPU = Debug|Any CPU
		Release|Any CPU = Release|Any CPU
	EndGlobalSection
	GlobalSection(ProjectConfigurationPlatforms) = postSolution
		{511A03A0-A2CD-41E8-96D5-E73DF3790E15}.Debug|Any CPU.ActiveCfg = Debug|Any CPU
		{511A03A0-A2CD-41E8-96D5-E73DF3790E15}.Debug|Any CPU.Build.0 = Debug|Any CPU
		{511A03A0-A2CD-41E8-96D5-E73DF3790E15}.Release|Any CPU.ActiveCfg = Release|Any CPU
		{511A03A0-A2CD-41E8-96D5-E73DF3790E15}.Release|Any CPU.Build.0 = Release|Any CPU
	EndGlobalSection
	GlobalSection(SolutionProperties) = preSolution
		HideSolutionNode = FALSE
	EndGlobalSection
	GlobalSection(ExtensibilityGlobals) = postSolution
		SolutionGuid = {9BBA2967-C618-440B-9F36-70FF25119A5A}
	EndGlobalSection
EndGlobal
